
Microsoft Visual Studio Solution File, Format Version 12.00
# Visual Studio Version 16
VisualStudioVersion = 16.0.30711.63
MinimumVisualStudioVersion = 10.0.40219.1
Project("{FAE04EC0-301F-11D3-BF4B-00C04F79EFBC}") = "Console", "Console\Console.csproj", "{596B321F-DE82-4458-89B6-DC3F6DF1E032}"
EndProject
Global
	GlobalSection(SolutionConfigurationPlatforms) = preSolution
		Debug|Any CPU = Debug|Any CPU
		Release|Any CPU = Release|Any CPU
	EndGlobalSection
	GlobalSection(ProjectConfigurationPlatforms) = postSolution
		{596B321F-DE82-4458-89B6-DC3F6DF1E032}.Debug|Any CPU.ActiveCfg = Debug|Any CPU
		{596B321F-DE82-4458-89B6-DC3F6DF1E032}.Debug|Any CPU.Build.0 = Debug|Any CPU
		{596B321F-DE82-4458-89B6-DC3F6DF1E032}.Release|Any CPU.ActiveCfg = Release|Any CPU
		{596B321F-DE82-4458-89B6-DC3F6DF1E032}.Release|Any CPU.Build.0 = Release|Any CPU
	EndGlobalSection
	GlobalSection(SolutionProperties) = preSolution
		HideSolutionNode = FALSE
	EndGlobalSection
	GlobalSection(ExtensibilityGlobals) = postSolution
		SolutionGuid = {472414FE-4C5E-47BE-B836-297FD117E33C}
	EndGlobalSection
EndGlobal
